{
  "nodes": {
    "nixpkgs": {
      "locked": {
        "lastModified": 1620672521,
        "narHash": "sha256-bPzVQpqRykJ76qsUuod6t3ywH81jLLOeyk6km40IE5I=",
        "owner": "NixOS",
        "repo": "nixpkgs",
        "rev": "94a52465b720592dc2bd5f336d6be1ccb261431d",
        "type": "github"
      },
      "original": {
        "id": "nixpkgs",
        "type": "indirect"
      }
    },
    "nixpkgs-unstable": {
      "locked": {
        "lastModified": 1620577011,
        "narHash": "sha256-f7Rg+CFSwHWSPR2Yo7RsdAjQeSWs4qTvKSKOBsWVRBk=",
        "owner": "NixOS",
        "repo": "nixpkgs",
        "rev": "357e6b3560f008ac5b1974c9027ba78c4b277c6b",
        "type": "github"
      },
      "original": {
        "owner": "NixOS",
        "ref": "nixpkgs-unstable",
        "repo": "nixpkgs",
        "type": "github"
      }
    },
    "root": {
      "inputs": {
        "nixpkgs": "nixpkgs",
        "nixpkgs-unstable": "nixpkgs-unstable",
        "utils": "utils"
      }
    },
    "utils": {
      "locked": {
        "lastModified": 1619345332,
        "narHash": "sha256-qHnQkEp1uklKTpx3MvKtY6xzgcqXDsz5nLilbbuL+3A=",
        "owner": "numtide",
        "repo": "flake-utils",
        "rev": "2ebf2558e5bf978c7fb8ea927dfaed8fefab2e28",
        "type": "github"
      },
      "original": {
        "owner": "numtide",
        "repo": "flake-utils",
        "type": "github"
      }
    }
  },
  "root": "root",
  "version": 7
}
