{
  "nodes": {
    "nixpkgs": {
      "locked": {
        "lastModified": 1620430266,
        "narHash": "sha256-1bI1BCv7kg/8/zTIclW8T05PGnqkVi8DPs7dxtnf3Fc=",
        "owner": "NixOS",
        "repo": "nixpkgs",
        "rev": "de87f98700cd6de5f276dd8d0ad78c1740ea9079",
        "type": "github"
      },
      "original": {
        "id": "nixpkgs",
        "type": "indirect"
      }
    },
    "nixpkgs-unstable": {
      "locked": {
        "lastModified": 1620374106,
        "narHash": "sha256-1v3hj48aGu6pQZEW/nC/JIi+S1oUL3pJwCAyi4GLXNQ=",
        "owner": "NixOS",
        "repo": "nixpkgs",
        "rev": "1c16013bd6e94da748b41cc123c6b509a23eb440",
        "type": "github"
      },
      "original": {
        "owner": "NixOS",
        "ref": "nixpkgs-unstable",
        "repo": "nixpkgs",
        "type": "github"
      }
    },
    "root": {
      "inputs": {
        "nixpkgs": "nixpkgs",
        "nixpkgs-unstable": "nixpkgs-unstable",
        "utils": "utils"
      }
    },
    "utils": {
      "locked": {
        "lastModified": 1619345332,
        "narHash": "sha256-qHnQkEp1uklKTpx3MvKtY6xzgcqXDsz5nLilbbuL+3A=",
        "owner": "numtide",
        "repo": "flake-utils",
        "rev": "2ebf2558e5bf978c7fb8ea927dfaed8fefab2e28",
        "type": "github"
      },
      "original": {
        "owner": "numtide",
        "repo": "flake-utils",
        "type": "github"
      }
    }
  },
  "root": "root",
  "version": 7
}
